
Microsoft Visual Studio Solution File, Format Version 12.00
# Visual Studio Version 17
VisualStudioVersion = 17.0.31903.59
MinimumVisualStudioVersion = 10.0.40219.1
Project("{FAE04EC0-301F-11D3-BF4B-00C04F79EFBC}") = "BolsoAgenda.Api", "BolsoAgenda.Api\BolsoAgenda.Api.csproj", "{68DD58F2-0C51-49F9-9EBD-195532AC767A}"
EndProject
Project("{FAE04EC0-301F-11D3-BF4B-00C04F79EFBC}") = "BolsoAgenda.Application", "BolsoAgenda.Application\BolsoAgenda.Application.csproj", "{42CDB4C0-A8C8-4D8C-BC40-F0D9E90EE0D6}"
EndProject
Project("{FAE04EC0-301F-11D3-BF4B-00C04F79EFBC}") = "BolsoAgenda.Contracts", "BolsoAgenda.Contracts\BolsoAgenda.Contracts.csproj", "{7AB792FD-7F73-4050-99AD-A3DCE2A549A3}"
EndProject
Project("{FAE04EC0-301F-11D3-BF4B-00C04F79EFBC}") = "BolsoAgenda.Domain", "BolsoAgenda.Domain\BolsoAgenda.Domain.csproj", "{B63859CF-19EB-4241-BEB6-85F35B55D664}"
EndProject
Project("{FAE04EC0-301F-11D3-BF4B-00C04F79EFBC}") = "BolsoAgenda.Infrastructure", "BolsoAgenda.Infrastructure\BolsoAgenda.Infrastructure.csproj", "{59B910A4-FCA5-486B-A9A2-B7EE904C50CD}"
EndProject
Global
	GlobalSection(SolutionConfigurationPlatforms) = preSolution
		Debug|Any CPU = Debug|Any CPU
		Release|Any CPU = Release|Any CPU
	EndGlobalSection
	GlobalSection(SolutionProperties) = preSolution
		HideSolutionNode = FALSE
	EndGlobalSection
	GlobalSection(ProjectConfigurationPlatforms) = postSolution
		{68DD58F2-0C51-49F9-9EBD-195532AC767A}.Debug|Any CPU.ActiveCfg = Debug|Any CPU
		{68DD58F2-0C51-49F9-9EBD-195532AC767A}.Debug|Any CPU.Build.0 = Debug|Any CPU
		{68DD58F2-0C51-49F9-9EBD-195532AC767A}.Release|Any CPU.ActiveCfg = Release|Any CPU
		{68DD58F2-0C51-49F9-9EBD-195532AC767A}.Release|Any CPU.Build.0 = Release|Any CPU
		{42CDB4C0-A8C8-4D8C-BC40-F0D9E90EE0D6}.Debug|Any CPU.ActiveCfg = Debug|Any CPU
		{42CDB4C0-A8C8-4D8C-BC40-F0D9E90EE0D6}.Debug|Any CPU.Build.0 = Debug|Any CPU
		{42CDB4C0-A8C8-4D8C-BC40-F0D9E90EE0D6}.Release|Any CPU.ActiveCfg = Release|Any CPU
		{42CDB4C0-A8C8-4D8C-BC40-F0D9E90EE0D6}.Release|Any CPU.Build.0 = Release|Any CPU
		{7AB792FD-7F73-4050-99AD-A3DCE2A549A3}.Debug|Any CPU.ActiveCfg = Debug|Any CPU
		{7AB792FD-7F73-4050-99AD-A3DCE2A549A3}.Debug|Any CPU.Build.0 = Debug|Any CPU
		{7AB792FD-7F73-4050-99AD-A3DCE2A549A3}.Release|Any CPU.ActiveCfg = Release|Any CPU
		{7AB792FD-7F73-4050-99AD-A3DCE2A549A3}.Release|Any CPU.Build.0 = Release|Any CPU
		{B63859CF-19EB-4241-BEB6-85F35B55D664}.Debug|Any CPU.ActiveCfg = Debug|Any CPU
		{B63859CF-19EB-4241-BEB6-85F35B55D664}.Debug|Any CPU.Build.0 = Debug|Any CPU
		{B63859CF-19EB-4241-BEB6-85F35B55D664}.Release|Any CPU.ActiveCfg = Release|Any CPU
		{B63859CF-19EB-4241-BEB6-85F35B55D664}.Release|Any CPU.Build.0 = Release|Any CPU
		{59B910A4-FCA5-486B-A9A2-B7EE904C50CD}.Debug|Any CPU.ActiveCfg = Debug|Any CPU
		{59B910A4-FCA5-486B-A9A2-B7EE904C50CD}.Debug|Any CPU.Build.0 = Debug|Any CPU
		{59B910A4-FCA5-486B-A9A2-B7EE904C50CD}.Release|Any CPU.ActiveCfg = Release|Any CPU
		{59B910A4-FCA5-486B-A9A2-B7EE904C50CD}.Release|Any CPU.Build.0 = Release|Any CPU
	EndGlobalSection
EndGlobal
